
Microsoft Visual Studio Solution File, Format Version 12.00
# Visual Studio 14
VisualStudioVersion = 14.0.25420.1
MinimumVisualStudioVersion = 10.0.40219.1
Project("{FAE04EC0-301F-11D3-BF4B-00C04F79EFBC}") = "MassTransitDemo.Contract", "MassTransitDemo.Contract\MassTransitDemo.Contract.csproj", "{728DF665-E439-47AE-9EFC-4BFD3C672956}"
EndProject
Project("{FAE04EC0-301F-11D3-BF4B-00C04F79EFBC}") = "MassTransitDemo.Client", "MassTransitDemo.Client\MassTransitDemo.Client.csproj", "{0EE1806D-51A8-4F13-AF02-10D308D8CECD}"
EndProject
Project("{FAE04EC0-301F-11D3-BF4B-00C04F79EFBC}") = "MassTransitDemo.Server", "MassTransitDemo.Server\MassTransitDemo.Server.csproj", "{DD543859-582E-492E-A3F3-427DAE6E77CA}"
EndProject
Global
	GlobalSection(SolutionConfigurationPlatforms) = preSolution
		Debug|Any CPU = Debug|Any CPU
		Release|Any CPU = Release|Any CPU
	EndGlobalSection
	GlobalSection(ProjectConfigurationPlatforms) = postSolution
		{728DF665-E439-47AE-9EFC-4BFD3C672956}.Debug|Any CPU.ActiveCfg = Debug|Any CPU
		{728DF665-E439-47AE-9EFC-4BFD3C672956}.Debug|Any CPU.Build.0 = Debug|Any CPU
		{728DF665-E439-47AE-9EFC-4BFD3C672956}.Release|Any CPU.ActiveCfg = Release|Any CPU
		{728DF665-E439-47AE-9EFC-4BFD3C672956}.Release|Any CPU.Build.0 = Release|Any CPU
		{0EE1806D-51A8-4F13-AF02-10D308D8CECD}.Debug|Any CPU.ActiveCfg = Debug|Any CPU
		{0EE1806D-51A8-4F13-AF02-10D308D8CECD}.Debug|Any CPU.Build.0 = Debug|Any CPU
		{0EE1806D-51A8-4F13-AF02-10D308D8CECD}.Release|Any CPU.ActiveCfg = Release|Any CPU
		{0EE1806D-51A8-4F13-AF02-10D308D8CECD}.Release|Any CPU.Build.0 = Release|Any CPU
		{DD543859-582E-492E-A3F3-427DAE6E77CA}.Debug|Any CPU.ActiveCfg = Debug|Any CPU
		{DD543859-582E-492E-A3F3-427DAE6E77CA}.Debug|Any CPU.Build.0 = Debug|Any CPU
		{DD543859-582E-492E-A3F3-427DAE6E77CA}.Release|Any CPU.ActiveCfg = Release|Any CPU
		{DD543859-582E-492E-A3F3-427DAE6E77CA}.Release|Any CPU.Build.0 = Release|Any CPU
	EndGlobalSection
	GlobalSection(SolutionProperties) = preSolution
		HideSolutionNode = FALSE
	EndGlobalSection
EndGlobal
